
Microsoft Visual Studio Solution File, Format Version 12.00
# Visual Studio 15
VisualStudioVersion = 15.0.28307.168
MinimumVisualStudioVersion = 10.0.40219.1
Project("{FAE04EC0-301F-11D3-BF4B-00C04F79EFBC}") = "NewsApp.Android", "NewsApp\NewsApp.Android\NewsApp.Android.csproj", "{9D76C1C2-A668-4AFB-AF89-E914978F1AF5}"
EndProject
Project("{FAE04EC0-301F-11D3-BF4B-00C04F79EFBC}") = "NewsApp.iOS", "NewsApp\NewsApp.iOS\NewsApp.iOS.csproj", "{B074EE04-1F74-4CF8-BAFF-14C2A52247AF}"
EndProject
Project("{FAE04EC0-301F-11D3-BF4B-00C04F79EFBC}") = "NewsApp.UWP", "NewsApp\NewsApp.UWP\NewsApp.UWP.csproj", "{F8B97E01-4447-44FC-A163-FAD942037368}"
EndProject
Project("{FAE04EC0-301F-11D3-BF4B-00C04F79EFBC}") = "NewsApp.MobileAppService", "NewsApp\NewsApp.MobileAppService\NewsApp.MobileAppService.csproj", "{BE6B64D4-5AB5-4BA4-8AD3-2B3E226F2B56}"
EndProject
Project("{FAE04EC0-301F-11D3-BF4B-00C04F79EFBC}") = "NewsApp", "NewsApp\NewsApp\NewsApp.csproj", "{2EF012AE-EB2C-44A2-A7A6-63CF24EE33AE}"
EndProject
Global
	GlobalSection(SolutionConfigurationPlatforms) = preSolution
		Debug|Any CPU = Debug|Any CPU
		Debug|ARM = Debug|ARM
		Debug|iPhone = Debug|iPhone
		Debug|iPhoneSimulator = Debug|iPhoneSimulator
		Debug|x64 = Debug|x64
		Debug|x86 = Debug|x86
		Release|Any CPU = Release|Any CPU
		Release|ARM = Release|ARM
		Release|iPhone = Release|iPhone
		Release|iPhoneSimulator = Release|iPhoneSimulator
		Release|x64 = Release|x64
		Release|x86 = Release|x86
	EndGlobalSection
	GlobalSection(ProjectConfigurationPlatforms) = postSolution
		{9D76C1C2-A668-4AFB-AF89-E914978F1AF5}.Debug|Any CPU.ActiveCfg = Debug|Any CPU
		{9D76C1C2-A668-4AFB-AF89-E914978F1AF5}.Debug|Any CPU.Build.0 = Debug|Any CPU
		{9D76C1C2-A668-4AFB-AF89-E914978F1AF5}.Debug|Any CPU.Deploy.0 = Debug|Any CPU
		{9D76C1C2-A668-4AFB-AF89-E914978F1AF5}.Debug|ARM.ActiveCfg = Debug|Any CPU
		{9D76C1C2-A668-4AFB-AF89-E914978F1AF5}.Debug|ARM.Build.0 = Debug|Any CPU
		{9D76C1C2-A668-4AFB-AF89-E914978F1AF5}.Debug|ARM.Deploy.0 = Debug|Any CPU
		{9D76C1C2-A668-4AFB-AF89-E914978F1AF5}.Debug|iPhone.ActiveCfg = Debug|Any CPU
		{9D76C1C2-A668-4AFB-AF89-E914978F1AF5}.Debug|iPhone.Build.0 = Debug|Any CPU
		{9D76C1C2-A668-4AFB-AF89-E914978F1AF5}.Debug|iPhone.Deploy.0 = Debug|Any CPU
		{9D76C1C2-A668-4AFB-AF89-E914978F1AF5}.Debug|iPhoneSimulator.ActiveCfg = Debug|Any CPU
		{9D76C1C2-A668-4AFB-AF89-E914978F1AF5}.Debug|iPhoneSimulator.Build.0 = Debug|Any CPU
		{9D76C1C2-A668-4AFB-AF89-E914978F1AF5}.Debug|iPhoneSimulator.Deploy.0 = Debug|Any CPU
		{9D76C1C2-A668-4AFB-AF89-E914978F1AF5}.Debug|x64.ActiveCfg = Debug|Any CPU
		{9D76C1C2-A668-4AFB-AF89-E914978F1AF5}.Debug|x64.Build.0 = Debug|Any CPU
		{9D76C1C2-A668-4AFB-AF89-E914978F1AF5}.Debug|x64.Deploy.0 = Debug|Any CPU
		{9D76C1C2-A668-4AFB-AF89-E914978F1AF5}.Debug|x86.ActiveCfg = Debug|Any CPU
		{9D76C1C2-A668-4AFB-AF89-E914978F1AF5}.Debug|x86.Build.0 = Debug|Any CPU
		{9D76C1C2-A668-4AFB-AF89-E914978F1AF5}.Debug|x86.Deploy.0 = Debug|Any CPU
		{9D76C1C2-A668-4AFB-AF89-E914978F1AF5}.Release|Any CPU.ActiveCfg = Release|Any CPU
		{9D76C1C2-A668-4AFB-AF89-E914978F1AF5}.Release|Any CPU.Build.0 = Release|Any CPU
		{9D76C1C2-A668-4AFB-AF89-E914978F1AF5}.Release|Any CPU.Deploy.0 = Release|Any CPU
		{9D76C1C2-A668-4AFB-AF89-E914978F1AF5}.Release|ARM.ActiveCfg = Release|Any CPU
		{9D76C1C2-A668-4AFB-AF89-E914978F1AF5}.Release|ARM.Build.0 = Release|Any CPU
		{9D76C1C2-A668-4AFB-AF89-E914978F1AF5}.Release|ARM.Deploy.0 = Release|Any CPU
		{9D76C1C2-A668-4AFB-AF89-E914978F1AF5}.Release|iPhone.ActiveCfg = Release|Any CPU
		{9D76C1C2-A668-4AFB-AF89-E914978F1AF5}.Release|iPhone.Build.0 = Release|Any CPU
		{9D76C1C2-A668-4AFB-AF89-E914978F1AF5}.Release|iPhone.Deploy.0 = Release|Any CPU
		{9D76C1C2-A668-4AFB-AF89-E914978F1AF5}.Release|iPhoneSimulator.ActiveCfg = Release|Any CPU
		{9D76C1C2-A668-4AFB-AF89-E914978F1AF5}.Release|iPhoneSimulator.Build.0 = Release|Any CPU
		{9D76C1C2-A668-4AFB-AF89-E914978F1AF5}.Release|iPhoneSimulator.Deploy.0 = Release|Any CPU
		{9D76C1C2-A668-4AFB-AF89-E914978F1AF5}.Release|x64.ActiveCfg = Release|Any CPU
		{9D76C1C2-A668-4AFB-AF89-E914978F1AF5}.Release|x64.Build.0 = Release|Any CPU
		{9D76C1C2-A668-4AFB-AF89-E914978F1AF5}.Release|x64.Deploy.0 = Release|Any CPU
		{9D76C1C2-A668-4AFB-AF89-E914978F1AF5}.Release|x86.ActiveCfg = Release|Any CPU
		{9D76C1C2-A668-4AFB-AF89-E914978F1AF5}.Release|x86.Build.0 = Release|Any CPU
		{9D76C1C2-A668-4AFB-AF89-E914978F1AF5}.Release|x86.Deploy.0 = Release|Any CPU
		{B074EE04-1F74-4CF8-BAFF-14C2A52247AF}.Debug|Any CPU.ActiveCfg = Debug|iPhone
		{B074EE04-1F74-4CF8-BAFF-14C2A52247AF}.Debug|Any CPU.Build.0 = Debug|iPhone
		{B074EE04-1F74-4CF8-BAFF-14C2A52247AF}.Debug|Any CPU.Deploy.0 = Debug|iPhone
		{B074EE04-1F74-4CF8-BAFF-14C2A52247AF}.Debug|ARM.ActiveCfg = Debug|iPhone
		{B074EE04-1F74-4CF8-BAFF-14C2A52247AF}.Debug|ARM.Build.0 = Debug|iPhone
		{B074EE04-1F74-4CF8-BAFF-14C2A52247AF}.Debug|ARM.Deploy.0 = Debug|iPhone
		{B074EE04-1F74-4CF8-BAFF-14C2A52247AF}.Debug|iPhone.ActiveCfg = Debug|iPhone
		{B074EE04-1F74-4CF8-BAFF-14C2A52247AF}.Debug|iPhone.Build.0 = Debug|iPhone
		{B074EE04-1F74-4CF8-BAFF-14C2A52247AF}.Debug|iPhone.Deploy.0 = Debug|iPhone
		{B074EE04-1F74-4CF8-BAFF-14C2A52247AF}.Debug|iPhoneSimulator.ActiveCfg = Debug|iPhoneSimulator
		{B074EE04-1F74-4CF8-BAFF-14C2A52247AF}.Debug|iPhoneSimulator.Build.0 = Debug|iPhoneSimulator
		{B074EE04-1F74-4CF8-BAFF-14C2A52247AF}.Debug|iPhoneSimulator.Deploy.0 = Debug|iPhoneSimulator
		{B074EE04-1F74-4CF8-BAFF-14C2A52247AF}.Debug|x64.ActiveCfg = Debug|iPhone
		{B074EE04-1F74-4CF8-BAFF-14C2A52247AF}.Debug|x64.Build.0 = Debug|iPhone
		{B074EE04-1F74-4CF8-BAFF-14C2A52247AF}.Debug|x64.Deploy.0 = Debug|iPhone
		{B074EE04-1F74-4CF8-BAFF-14C2A52247AF}.Debug|x86.ActiveCfg = Debug|iPhoneSimulator
		{B074EE04-1F74-4CF8-BAFF-14C2A52247AF}.Debug|x86.Build.0 = Debug|iPhoneSimulator
		{B074EE04-1F74-4CF8-BAFF-14C2A52247AF}.Debug|x86.Deploy.0 = Debug|iPhoneSimulator
		{B074EE04-1F74-4CF8-BAFF-14C2A52247AF}.Release|Any CPU.ActiveCfg = Release|iPhone
		{B074EE04-1F74-4CF8-BAFF-14C2A52247AF}.Release|Any CPU.Build.0 = Release|iPhone
		{B074EE04-1F74-4CF8-BAFF-14C2A52247AF}.Release|Any CPU.Deploy.0 = Release|iPhone
		{B074EE04-1F74-4CF8-BAFF-14C2A52247AF}.Release|ARM.ActiveCfg = Release|iPhone
		{B074EE04-1F74-4CF8-BAFF-14C2A52247AF}.Release|ARM.Build.0 = Release|iPhone
		{B074EE04-1F74-4CF8-BAFF-14C2A52247AF}.Release|ARM.Deploy.0 = Release|iPhone
		{B074EE04-1F74-4CF8-BAFF-14C2A52247AF}.Release|iPhone.ActiveCfg = Release|iPhone
		{B074EE04-1F74-4CF8-BAFF-14C2A52247AF}.Release|iPhone.Build.0 = Release|iPhone
		{B074EE04-1F74-4CF8-BAFF-14C2A52247AF}.Release|iPhone.Deploy.0 = Release|iPhone
		{B074EE04-1F74-4CF8-BAFF-14C2A52247AF}.Release|iPhoneSimulator.ActiveCfg = Release|iPhoneSimulator
		{B074EE04-1F74-4CF8-BAFF-14C2A52247AF}.Release|iPhoneSimulator.Build.0 = Release|iPhoneSimulator
		{B074EE04-1F74-4CF8-BAFF-14C2A52247AF}.Release|iPhoneSimulator.Deploy.0 = Release|iPhoneSimulator
		{B074EE04-1F74-4CF8-BAFF-14C2A52247AF}.Release|x64.ActiveCfg = Release|iPhone
		{B074EE04-1F74-4CF8-BAFF-14C2A52247AF}.Release|x64.Build.0 = Release|iPhone
		{B074EE04-1F74-4CF8-BAFF-14C2A52247AF}.Release|x64.Deploy.0 = Release|iPhone
		{B074EE04-1F74-4CF8-BAFF-14C2A52247AF}.Release|x86.ActiveCfg = Release|iPhone
		{B074EE04-1F74-4CF8-BAFF-14C2A52247AF}.Release|x86.Build.0 = Release|iPhone
		{B074EE04-1F74-4CF8-BAFF-14C2A52247AF}.Release|x86.Deploy.0 = Release|iPhone
		{F8B97E01-4447-44FC-A163-FAD942037368}.Debug|Any CPU.ActiveCfg = Debug|x86
		{F8B97E01-4447-44FC-A163-FAD942037368}.Debug|Any CPU.Build.0 = Debug|x86
		{F8B97E01-4447-44FC-A163-FAD942037368}.Debug|Any CPU.Deploy.0 = Debug|x86
		{F8B97E01-4447-44FC-A163-FAD942037368}.Debug|ARM.ActiveCfg = Debug|ARM
		{F8B97E01-4447-44FC-A163-FAD942037368}.Debug|ARM.Build.0 = Debug|ARM
		{F8B97E01-4447-44FC-A163-FAD942037368}.Debug|ARM.Deploy.0 = Debug|ARM
		{F8B97E01-4447-44FC-A163-FAD942037368}.Debug|iPhone.ActiveCfg = Debug|x86
		{F8B97E01-4447-44FC-A163-FAD942037368}.Debug|iPhone.Build.0 = Debug|x86
		{F8B97E01-4447-44FC-A163-FAD942037368}.Debug|iPhone.Deploy.0 = Debug|x86
		{F8B97E01-4447-44FC-A163-FAD942037368}.Debug|iPhoneSimulator.ActiveCfg = Debug|x86
		{F8B97E01-4447-44FC-A163-FAD942037368}.Debug|iPhoneSimulator.Build.0 = Debug|x86
		{F8B97E01-4447-44FC-A163-FAD942037368}.Debug|iPhoneSimulator.Deploy.0 = Debug|x86
		{F8B97E01-4447-44FC-A163-FAD942037368}.Debug|x64.ActiveCfg = Debug|x64
		{F8B97E01-4447-44FC-A163-FAD942037368}.Debug|x64.Build.0 = Debug|x64
		{F8B97E01-4447-44FC-A163-FAD942037368}.Debug|x64.Deploy.0 = Debug|x64
		{F8B97E01-4447-44FC-A163-FAD942037368}.Debug|x86.ActiveCfg = Debug|x86
		{F8B97E01-4447-44FC-A163-FAD942037368}.Debug|x86.Build.0 = Debug|x86
		{F8B97E01-4447-44FC-A163-FAD942037368}.Debug|x86.Deploy.0 = Debug|x86
		{F8B97E01-4447-44FC-A163-FAD942037368}.Release|Any CPU.ActiveCfg = Release|x86
		{F8B97E01-4447-44FC-A163-FAD942037368}.Release|Any CPU.Build.0 = Release|x86
		{F8B97E01-4447-44FC-A163-FAD942037368}.Release|Any CPU.Deploy.0 = Release|x86
		{F8B97E01-4447-44FC-A163-FAD942037368}.Release|ARM.ActiveCfg = Release|ARM
		{F8B97E01-4447-44FC-A163-FAD942037368}.Release|ARM.Build.0 = Release|ARM
		{F8B97E01-4447-44FC-A163-FAD942037368}.Release|ARM.Deploy.0 = Release|ARM
		{F8B97E01-4447-44FC-A163-FAD942037368}.Release|iPhone.ActiveCfg = Release|x86
		{F8B97E01-4447-44FC-A163-FAD942037368}.Release|iPhone.Build.0 = Release|x86
		{F8B97E01-4447-44FC-A163-FAD942037368}.Release|iPhone.Deploy.0 = Release|x86
		{F8B97E01-4447-44FC-A163-FAD942037368}.Release|iPhoneSimulator.ActiveCfg = Release|x86
		{F8B97E01-4447-44FC-A163-FAD942037368}.Release|iPhoneSimulator.Build.0 = Release|x86
		{F8B97E01-4447-44FC-A163-FAD942037368}.Release|iPhoneSimulator.Deploy.0 = Release|x86
		{F8B97E01-4447-44FC-A163-FAD942037368}.Release|x64.ActiveCfg = Release|x64
		{F8B97E01-4447-44FC-A163-FAD942037368}.Release|x64.Build.0 = Release|x64
		{F8B97E01-4447-44FC-A163-FAD942037368}.Release|x64.Deploy.0 = Release|x64
		{F8B97E01-4447-44FC-A163-FAD942037368}.Release|x86.ActiveCfg = Release|x86
		{F8B97E01-4447-44FC-A163-FAD942037368}.Release|x86.Build.0 = Release|x86
		{F8B97E01-4447-44FC-A163-FAD942037368}.Release|x86.Deploy.0 = Release|x86
		{BE6B64D4-5AB5-4BA4-8AD3-2B3E226F2B56}.Debug|Any CPU.ActiveCfg = Debug|Any CPU
		{BE6B64D4-5AB5-4BA4-8AD3-2B3E226F2B56}.Debug|Any CPU.Build.0 = Debug|Any CPU
		{BE6B64D4-5AB5-4BA4-8AD3-2B3E226F2B56}.Debug|Any CPU.Deploy.0 = Debug|Any CPU
		{BE6B64D4-5AB5-4BA4-8AD3-2B3E226F2B56}.Debug|ARM.ActiveCfg = Debug|Any CPU
		{BE6B64D4-5AB5-4BA4-8AD3-2B3E226F2B56}.Debug|ARM.Build.0 = Debug|Any CPU
		{BE6B64D4-5AB5-4BA4-8AD3-2B3E226F2B56}.Debug|ARM.Deploy.0 = Debug|Any CPU
		{BE6B64D4-5AB5-4BA4-8AD3-2B3E226F2B56}.Debug|iPhone.ActiveCfg = Debug|Any CPU
		{BE6B64D4-5AB5-4BA4-8AD3-2B3E226F2B56}.Debug|iPhone.Build.0 = Debug|Any CPU
		{BE6B64D4-5AB5-4BA4-8AD3-2B3E226F2B56}.Debug|iPhone.Deploy.0 = Debug|Any CPU
		{BE6B64D4-5AB5-4BA4-8AD3-2B3E226F2B56}.Debug|iPhoneSimulator.ActiveCfg = Debug|Any CPU
		{BE6B64D4-5AB5-4BA4-8AD3-2B3E226F2B56}.Debug|iPhoneSimulator.Build.0 = Debug|Any CPU
		{BE6B64D4-5AB5-4BA4-8AD3-2B3E226F2B56}.Debug|iPhoneSimulator.Deploy.0 = Debug|Any CPU
		{BE6B64D4-5AB5-4BA4-8AD3-2B3E226F2B56}.Debug|x64.ActiveCfg = Debug|Any CPU
		{BE6B64D4-5AB5-4BA4-8AD3-2B3E226F2B56}.Debug|x64.Build.0 = Debug|Any CPU
		{BE6B64D4-5AB5-4BA4-8AD3-2B3E226F2B56}.Debug|x64.Deploy.0 = Debug|Any CPU
		{BE6B64D4-5AB5-4BA4-8AD3-2B3E226F2B56}.Debug|x86.ActiveCfg = Debug|Any CPU
		{BE6B64D4-5AB5-4BA4-8AD3-2B3E226F2B56}.Debug|x86.Build.0 = Debug|Any CPU
		{BE6B64D4-5AB5-4BA4-8AD3-2B3E226F2B56}.Debug|x86.Deploy.0 = Debug|Any CPU
		{BE6B64D4-5AB5-4BA4-8AD3-2B3E226F2B56}.Release|Any CPU.ActiveCfg = Release|Any CPU
		{BE6B64D4-5AB5-4BA4-8AD3-2B3E226F2B56}.Release|Any CPU.Build.0 = Release|Any CPU
		{BE6B64D4-5AB5-4BA4-8AD3-2B3E226F2B56}.Release|Any CPU.Deploy.0 = Release|Any CPU
		{BE6B64D4-5AB5-4BA4-8AD3-2B3E226F2B56}.Release|ARM.ActiveCfg = Release|Any CPU
		{BE6B64D4-5AB5-4BA4-8AD3-2B3E226F2B56}.Release|ARM.Build.0 = Release|Any CPU
		{BE6B64D4-5AB5-4BA4-8AD3-2B3E226F2B56}.Release|ARM.Deploy.0 = Release|Any CPU
		{BE6B64D4-5AB5-4BA4-8AD3-2B3E226F2B56}.Release|iPhone.ActiveCfg = Release|Any CPU
		{BE6B64D4-5AB5-4BA4-8AD3-2B3E226F2B56}.Release|iPhone.Build.0 = Release|Any CPU
		{BE6B64D4-5AB5-4BA4-8AD3-2B3E226F2B56}.Release|iPhone.Deploy.0 = Release|Any CPU
		{BE6B64D4-5AB5-4BA4-8AD3-2B3E226F2B56}.Release|iPhoneSimulator.ActiveCfg = Release|Any CPU
		{BE6B64D4-5AB5-4BA4-8AD3-2B3E226F2B56}.Release|iPhoneSimulator.Build.0 = Release|Any CPU
		{BE6B64D4-5AB5-4BA4-8AD3-2B3E226F2B56}.Release|iPhoneSimulator.Deploy.0 = Release|Any CPU
		{BE6B64D4-5AB5-4BA4-8AD3-2B3E226F2B56}.Release|x64.ActiveCfg = Release|Any CPU
		{BE6B64D4-5AB5-4BA4-8AD3-2B3E226F2B56}.Release|x64.Build.0 = Release|Any CPU
		{BE6B64D4-5AB5-4BA4-8AD3-2B3E226F2B56}.Release|x64.Deploy.0 = Release|Any CPU
		{BE6B64D4-5AB5-4BA4-8AD3-2B3E226F2B56}.Release|x86.ActiveCfg = Release|Any CPU
		{BE6B64D4-5AB5-4BA4-8AD3-2B3E226F2B56}.Release|x86.Build.0 = Release|Any CPU
		{BE6B64D4-5AB5-4BA4-8AD3-2B3E226F2B56}.Release|x86.Deploy.0 = Release|Any CPU
		{2EF012AE-EB2C-44A2-A7A6-63CF24EE33AE}.Debug|Any CPU.ActiveCfg = Debug|Any CPU
		{2EF012AE-EB2C-44A2-A7A6-63CF24EE33AE}.Debug|Any CPU.Build.0 = Debug|Any CPU
		{2EF012AE-EB2C-44A2-A7A6-63CF24EE33AE}.Debug|Any CPU.Deploy.0 = Debug|Any CPU
		{2EF012AE-EB2C-44A2-A7A6-63CF24EE33AE}.Debug|ARM.ActiveCfg = Debug|Any CPU
		{2EF012AE-EB2C-44A2-A7A6-63CF24EE33AE}.Debug|ARM.Build.0 = Debug|Any CPU
		{2EF012AE-EB2C-44A2-A7A6-63CF24EE33AE}.Debug|ARM.Deploy.0 = Debug|Any CPU
		{2EF012AE-EB2C-44A2-A7A6-63CF24EE33AE}.Debug|iPhone.ActiveCfg = Debug|Any CPU
		{2EF012AE-EB2C-44A2-A7A6-63CF24EE33AE}.Debug|iPhone.Build.0 = Debug|Any CPU
		{2EF012AE-EB2C-44A2-A7A6-63CF24EE33AE}.Debug|iPhone.Deploy.0 = Debug|Any CPU
		{2EF012AE-EB2C-44A2-A7A6-63CF24EE33AE}.Debug|iPhoneSimulator.ActiveCfg = Debug|Any CPU
		{2EF012AE-EB2C-44A2-A7A6-63CF24EE33AE}.Debug|iPhoneSimulator.Build.0 = Debug|Any CPU
		{2EF012AE-EB2C-44A2-A7A6-63CF24EE33AE}.Debug|iPhoneSimulator.Deploy.0 = Debug|Any CPU
		{2EF012AE-EB2C-44A2-A7A6-63CF24EE33AE}.Debug|x64.ActiveCfg = Debug|Any CPU
		{2EF012AE-EB2C-44A2-A7A6-63CF24EE33AE}.Debug|x64.Build.0 = Debug|Any CPU
		{2EF012AE-EB2C-44A2-A7A6-63CF24EE33AE}.Debug|x64.Deploy.0 = Debug|Any CPU
		{2EF012AE-EB2C-44A2-A7A6-63CF24EE33AE}.Debug|x86.ActiveCfg = Debug|Any CPU
		{2EF012AE-EB2C-44A2-A7A6-63CF24EE33AE}.Debug|x86.Build.0 = Debug|Any CPU
		{2EF012AE-EB2C-44A2-A7A6-63CF24EE33AE}.Debug|x86.Deploy.0 = Debug|Any CPU
		{2EF012AE-EB2C-44A2-A7A6-63CF24EE33AE}.Release|Any CPU.ActiveCfg = Release|Any CPU
		{2EF012AE-EB2C-44A2-A7A6-63CF24EE33AE}.Release|Any CPU.Build.0 = Release|Any CPU
		{2EF012AE-EB2C-44A2-A7A6-63CF24EE33AE}.Release|Any CPU.Deploy.0 = Release|Any CPU
		{2EF012AE-EB2C-44A2-A7A6-63CF24EE33AE}.Release|ARM.ActiveCfg = Release|Any CPU
		{2EF012AE-EB2C-44A2-A7A6-63CF24EE33AE}.Release|ARM.Build.0 = Release|Any CPU
		{2EF012AE-EB2C-44A2-A7A6-63CF24EE33AE}.Release|ARM.Deploy.0 = Release|Any CPU
		{2EF012AE-EB2C-44A2-A7A6-63CF24EE33AE}.Release|iPhone.ActiveCfg = Release|Any CPU
		{2EF012AE-EB2C-44A2-A7A6-63CF24EE33AE}.Release|iPhone.Build.0 = Release|Any CPU
		{2EF012AE-EB2C-44A2-A7A6-63CF24EE33AE}.Release|iPhone.Deploy.0 = Release|Any CPU
		{2EF012AE-EB2C-44A2-A7A6-63CF24EE33AE}.Release|iPhoneSimulator.ActiveCfg = Release|Any CPU
		{2EF012AE-EB2C-44A2-A7A6-63CF24EE33AE}.Release|iPhoneSimulator.Build.0 = Release|Any CPU
		{2EF012AE-EB2C-44A2-A7A6-63CF24EE33AE}.Release|iPhoneSimulator.Deploy.0 = Release|Any CPU
		{2EF012AE-EB2C-44A2-A7A6-63CF24EE33AE}.Release|x64.ActiveCfg = Release|Any CPU
		{2EF012AE-EB2C-44A2-A7A6-63CF24EE33AE}.Release|x64.Build.0 = Release|Any CPU
		{2EF012AE-EB2C-44A2-A7A6-63CF24EE33AE}.Release|x64.Deploy.0 = Release|Any CPU
		{2EF012AE-EB2C-44A2-A7A6-63CF24EE33AE}.Release|x86.ActiveCfg = Release|Any CPU
		{2EF012AE-EB2C-44A2-A7A6-63CF24EE33AE}.Release|x86.Build.0 = Release|Any CPU
		{2EF012AE-EB2C-44A2-A7A6-63CF24EE33AE}.Release|x86.Deploy.0 = Release|Any CPU
	EndGlobalSection
	GlobalSection(SolutionProperties) = preSolution
		HideSolutionNode = FALSE
	EndGlobalSection
	GlobalSection(ExtensibilityGlobals) = postSolution
		SolutionGuid = {EE147D36-305A-42AD-BB9A-10E57497189A}
	EndGlobalSection
EndGlobal
